
Microsoft Visual Studio Solution File, Format Version 12.00
# Visual Studio 15
VisualStudioVersion = 15.0.27130.2027
MinimumVisualStudioVersion = 10.0.40219.1
Project("{FAE04EC0-301F-11D3-BF4B-00C04F79EFBC}") = "Friendly DISM", "Friendly DISM\Friendly DISM.csproj", "{AFA8986C-DF27-4B4C-9625-811C7539DF67}"
EndProject
Global
	GlobalSection(SolutionConfigurationPlatforms) = preSolution
		Debug|Any CPU = Debug|Any CPU
		Release|Any CPU = Release|Any CPU
	EndGlobalSection
	GlobalSection(ProjectConfigurationPlatforms) = postSolution
		{AFA8986C-DF27-4B4C-9625-811C7539DF67}.Debug|Any CPU.ActiveCfg = Debug|Any CPU
		{AFA8986C-DF27-4B4C-9625-811C7539DF67}.Debug|Any CPU.Build.0 = Debug|Any CPU
		{AFA8986C-DF27-4B4C-9625-811C7539DF67}.Release|Any CPU.ActiveCfg = Release|Any CPU
		{AFA8986C-DF27-4B4C-9625-811C7539DF67}.Release|Any CPU.Build.0 = Release|Any CPU
	EndGlobalSection
	GlobalSection(SolutionProperties) = preSolution
		HideSolutionNode = FALSE
	EndGlobalSection
	GlobalSection(ExtensibilityGlobals) = postSolution
		SolutionGuid = {D0518B69-34F2-4F81-A464-E4A91706B9D1}
	EndGlobalSection
EndGlobal
